
Microsoft Visual Studio Solution File, Format Version 12.00
# Visual Studio Version 16
VisualStudioVersion = 16.0.30427.197
MinimumVisualStudioVersion = 10.0.40219.1
Project("{FAE04EC0-301F-11D3-BF4B-00C04F79EFBC}") = "testApi", "testApi\testApi.csproj", "{68A4ADAE-D4DC-45FE-9DC8-E00487968799}"
EndProject
Global
	GlobalSection(SolutionConfigurationPlatforms) = preSolution
		Debug|Any CPU = Debug|Any CPU
		Release|Any CPU = Release|Any CPU
	EndGlobalSection
	GlobalSection(ProjectConfigurationPlatforms) = postSolution
		{68A4ADAE-D4DC-45FE-9DC8-E00487968799}.Debug|Any CPU.ActiveCfg = Debug|Any CPU
		{68A4ADAE-D4DC-45FE-9DC8-E00487968799}.Debug|Any CPU.Build.0 = Debug|Any CPU
		{68A4ADAE-D4DC-45FE-9DC8-E00487968799}.Release|Any CPU.ActiveCfg = Release|Any CPU
		{68A4ADAE-D4DC-45FE-9DC8-E00487968799}.Release|Any CPU.Build.0 = Release|Any CPU
	EndGlobalSection
	GlobalSection(SolutionProperties) = preSolution
		HideSolutionNode = FALSE
	EndGlobalSection
	GlobalSection(ExtensibilityGlobals) = postSolution
		SolutionGuid = {A85FE0CB-0E7B-4FFC-AED5-645A1487D945}
	EndGlobalSection
EndGlobal
